
Microsoft Visual Studio Solution File, Format Version 12.00
# Visual Studio Version 17
VisualStudioVersion = 17.8.34525.116
MinimumVisualStudioVersion = 10.0.40219.1
Project("{FAE04EC0-301F-11D3-BF4B-00C04F79EFBC}") = "Tower", "Tower.csproj", "{CF516BC6-C65A-4BA7-8B30-0D1ECBB34CA8}"
EndProject
Global
	GlobalSection(SolutionConfigurationPlatforms) = preSolution
		Debug|Any CPU = Debug|Any CPU
		Release|Any CPU = Release|Any CPU
	EndGlobalSection
	GlobalSection(ProjectConfigurationPlatforms) = postSolution
		{CF516BC6-C65A-4BA7-8B30-0D1ECBB34CA8}.Debug|Any CPU.ActiveCfg = Debug|Any CPU
		{CF516BC6-C65A-4BA7-8B30-0D1ECBB34CA8}.Debug|Any CPU.Build.0 = Debug|Any CPU
		{CF516BC6-C65A-4BA7-8B30-0D1ECBB34CA8}.Release|Any CPU.ActiveCfg = Release|Any CPU
		{CF516BC6-C65A-4BA7-8B30-0D1ECBB34CA8}.Release|Any CPU.Build.0 = Release|Any CPU
	EndGlobalSection
	GlobalSection(SolutionProperties) = preSolution
		HideSolutionNode = FALSE
	EndGlobalSection
	GlobalSection(ExtensibilityGlobals) = postSolution
		SolutionGuid = {F55F48D5-866D-4653-99D5-669F9D3D2636}
	EndGlobalSection
EndGlobal
